
Microsoft Visual Studio Solution File, Format Version 12.00
# Visual Studio Version 17
VisualStudioVersion = 17.0.31903.59
MinimumVisualStudioVersion = 10.0.40219.1
Project("{FAE04EC0-301F-11D3-BF4B-00C04F79EFBC}") = "DeDuBa", "DeDuBa\DeDuBa.csproj", "{0FC5ACCC-0906-4ABD-A8F7-14A778503740}"
EndProject
Project("{FAE04EC0-301F-11D3-BF4B-00C04F79EFBC}") = "DeDuBa.Test", "DeDuBa.Test\DeDuBa.Test.csproj", "{8E82710D-31B6-423A-9E5C-FBB930F9FDB0}"
EndProject
Project("{FAE04EC0-301F-11D3-BF4B-00C04F79EFBC}") = "OsCalls", "OsCalls\OsCalls.csproj", "{C71E2FAF-F823-4762-AA70-10FF261A62E5}"
EndProject
Project("{FAE04EC0-301F-11D3-BF4B-00C04F79EFBC}") = "OsCallsShim", "OsCallsShim\OsCallsShim.csproj", "{13DBA6E6-3E1D-4614-BC2A-F2771D7AAF06}"
EndProject
Project("{FAE04EC0-301F-11D3-BF4B-00C04F79EFBC}") = "UtilitiesLibrary", "UtilitiesLibrary\UtilitiesLibrary.csproj", "{8D27B048-1531-4354-B435-707FE98316E3}"
EndProject
Global
	GlobalSection(SolutionConfigurationPlatforms) = preSolution
		Debug|Any CPU = Debug|Any CPU
		Debug|x64 = Debug|x64
		Debug|x86 = Debug|x86
		Release|Any CPU = Release|Any CPU
		Release|x64 = Release|x64
		Release|x86 = Release|x86
	EndGlobalSection
	GlobalSection(ProjectConfigurationPlatforms) = postSolution
		{0FC5ACCC-0906-4ABD-A8F7-14A778503740}.Debug|Any CPU.ActiveCfg = Debug|Any CPU
		{0FC5ACCC-0906-4ABD-A8F7-14A778503740}.Debug|Any CPU.Build.0 = Debug|Any CPU
		{0FC5ACCC-0906-4ABD-A8F7-14A778503740}.Debug|x64.ActiveCfg = Debug|Any CPU
		{0FC5ACCC-0906-4ABD-A8F7-14A778503740}.Debug|x64.Build.0 = Debug|Any CPU
		{0FC5ACCC-0906-4ABD-A8F7-14A778503740}.Debug|x86.ActiveCfg = Debug|Any CPU
		{0FC5ACCC-0906-4ABD-A8F7-14A778503740}.Debug|x86.Build.0 = Debug|Any CPU
		{0FC5ACCC-0906-4ABD-A8F7-14A778503740}.Release|Any CPU.ActiveCfg = Release|Any CPU
		{0FC5ACCC-0906-4ABD-A8F7-14A778503740}.Release|Any CPU.Build.0 = Release|Any CPU
		{0FC5ACCC-0906-4ABD-A8F7-14A778503740}.Release|x64.ActiveCfg = Release|Any CPU
		{0FC5ACCC-0906-4ABD-A8F7-14A778503740}.Release|x64.Build.0 = Release|Any CPU
		{0FC5ACCC-0906-4ABD-A8F7-14A778503740}.Release|x86.ActiveCfg = Release|Any CPU
		{0FC5ACCC-0906-4ABD-A8F7-14A778503740}.Release|x86.Build.0 = Release|Any CPU
		{8E82710D-31B6-423A-9E5C-FBB930F9FDB0}.Debug|Any CPU.ActiveCfg = Debug|Any CPU
		{8E82710D-31B6-423A-9E5C-FBB930F9FDB0}.Debug|Any CPU.Build.0 = Debug|Any CPU
		{8E82710D-31B6-423A-9E5C-FBB930F9FDB0}.Debug|x64.ActiveCfg = Debug|Any CPU
		{8E82710D-31B6-423A-9E5C-FBB930F9FDB0}.Debug|x64.Build.0 = Debug|Any CPU
		{8E82710D-31B6-423A-9E5C-FBB930F9FDB0}.Debug|x86.ActiveCfg = Debug|Any CPU
		{8E82710D-31B6-423A-9E5C-FBB930F9FDB0}.Debug|x86.Build.0 = Debug|Any CPU
		{8E82710D-31B6-423A-9E5C-FBB930F9FDB0}.Release|Any CPU.ActiveCfg = Release|Any CPU
		{8E82710D-31B6-423A-9E5C-FBB930F9FDB0}.Release|Any CPU.Build.0 = Release|Any CPU
		{8E82710D-31B6-423A-9E5C-FBB930F9FDB0}.Release|x64.ActiveCfg = Release|Any CPU
		{8E82710D-31B6-423A-9E5C-FBB930F9FDB0}.Release|x64.Build.0 = Release|Any CPU
		{8E82710D-31B6-423A-9E5C-FBB930F9FDB0}.Release|x86.ActiveCfg = Release|Any CPU
		{8E82710D-31B6-423A-9E5C-FBB930F9FDB0}.Release|x86.Build.0 = Release|Any CPU
		{C71E2FAF-F823-4762-AA70-10FF261A62E5}.Debug|Any CPU.ActiveCfg = Debug|Any CPU
		{C71E2FAF-F823-4762-AA70-10FF261A62E5}.Debug|Any CPU.Build.0 = Debug|Any CPU
		{C71E2FAF-F823-4762-AA70-10FF261A62E5}.Debug|x64.ActiveCfg = Debug|Any CPU
		{C71E2FAF-F823-4762-AA70-10FF261A62E5}.Debug|x64.Build.0 = Debug|Any CPU
		{C71E2FAF-F823-4762-AA70-10FF261A62E5}.Debug|x86.ActiveCfg = Debug|Any CPU
		{C71E2FAF-F823-4762-AA70-10FF261A62E5}.Debug|x86.Build.0 = Debug|Any CPU
		{C71E2FAF-F823-4762-AA70-10FF261A62E5}.Release|Any CPU.ActiveCfg = Release|Any CPU
		{C71E2FAF-F823-4762-AA70-10FF261A62E5}.Release|Any CPU.Build.0 = Release|Any CPU
		{C71E2FAF-F823-4762-AA70-10FF261A62E5}.Release|x64.ActiveCfg = Release|Any CPU
		{C71E2FAF-F823-4762-AA70-10FF261A62E5}.Release|x64.Build.0 = Release|Any CPU
		{C71E2FAF-F823-4762-AA70-10FF261A62E5}.Release|x86.ActiveCfg = Release|Any CPU
		{C71E2FAF-F823-4762-AA70-10FF261A62E5}.Release|x86.Build.0 = Release|Any CPU
		{13DBA6E6-3E1D-4614-BC2A-F2771D7AAF06}.Debug|Any CPU.ActiveCfg = Debug|Any CPU
		{13DBA6E6-3E1D-4614-BC2A-F2771D7AAF06}.Debug|Any CPU.Build.0 = Debug|Any CPU
		{13DBA6E6-3E1D-4614-BC2A-F2771D7AAF06}.Debug|x64.ActiveCfg = Debug|Any CPU
		{13DBA6E6-3E1D-4614-BC2A-F2771D7AAF06}.Debug|x64.Build.0 = Debug|Any CPU
		{13DBA6E6-3E1D-4614-BC2A-F2771D7AAF06}.Debug|x86.ActiveCfg = Debug|Any CPU
		{13DBA6E6-3E1D-4614-BC2A-F2771D7AAF06}.Debug|x86.Build.0 = Debug|Any CPU
		{13DBA6E6-3E1D-4614-BC2A-F2771D7AAF06}.Release|Any CPU.ActiveCfg = Release|Any CPU
		{13DBA6E6-3E1D-4614-BC2A-F2771D7AAF06}.Release|Any CPU.Build.0 = Release|Any CPU
		{13DBA6E6-3E1D-4614-BC2A-F2771D7AAF06}.Release|x64.ActiveCfg = Release|Any CPU
		{13DBA6E6-3E1D-4614-BC2A-F2771D7AAF06}.Release|x64.Build.0 = Release|Any CPU
		{13DBA6E6-3E1D-4614-BC2A-F2771D7AAF06}.Release|x86.ActiveCfg = Release|Any CPU
		{13DBA6E6-3E1D-4614-BC2A-F2771D7AAF06}.Release|x86.Build.0 = Release|Any CPU
		{8D27B048-1531-4354-B435-707FE98316E3}.Debug|Any CPU.ActiveCfg = Debug|Any CPU
		{8D27B048-1531-4354-B435-707FE98316E3}.Debug|Any CPU.Build.0 = Debug|Any CPU
		{8D27B048-1531-4354-B435-707FE98316E3}.Debug|x64.ActiveCfg = Debug|Any CPU
		{8D27B048-1531-4354-B435-707FE98316E3}.Debug|x64.Build.0 = Debug|Any CPU
		{8D27B048-1531-4354-B435-707FE98316E3}.Debug|x86.ActiveCfg = Debug|Any CPU
		{8D27B048-1531-4354-B435-707FE98316E3}.Debug|x86.Build.0 = Debug|Any CPU
		{8D27B048-1531-4354-B435-707FE98316E3}.Release|Any CPU.ActiveCfg = Release|Any CPU
		{8D27B048-1531-4354-B435-707FE98316E3}.Release|Any CPU.Build.0 = Release|Any CPU
		{8D27B048-1531-4354-B435-707FE98316E3}.Release|x64.ActiveCfg = Release|Any CPU
		{8D27B048-1531-4354-B435-707FE98316E3}.Release|x64.Build.0 = Release|Any CPU
		{8D27B048-1531-4354-B435-707FE98316E3}.Release|x86.ActiveCfg = Release|Any CPU
		{8D27B048-1531-4354-B435-707FE98316E3}.Release|x86.Build.0 = Release|Any CPU
	EndGlobalSection
	GlobalSection(SolutionProperties) = preSolution
		HideSolutionNode = FALSE
	EndGlobalSection
EndGlobal
